// !$*UTF8*$!
{
	archiveVersion = 1;
	classes = {
	};
	objectVersion = 50;
	objects = {

/* Begin PBXBuildFile section */
		B802E381264018A000AB96FF /* _160_相交链表.swift in Sources */ = {isa = PBXBuildFile; fileRef = B802E380264018A000AB96FF /* _160_相交链表.swift */; };
		B802E38B264136D700AB96FF /* _Offer22_链表倒数第k个字节.swift in Sources */ = {isa = PBXBuildFile; fileRef = B802E38A264136D700AB96FF /* _Offer22_链表倒数第k个字节.swift */; };
		B802E38F2641467600AB96FF /* _234_回文链表.swift in Sources */ = {isa = PBXBuildFile; fileRef = B802E38E2641467600AB96FF /* _234_回文链表.swift */; };
		B802E394264209B600AB96FF /* _Offer25_合并两个反序链表.swift in Sources */ = {isa = PBXBuildFile; fileRef = B802E393264209B600AB96FF /* _Offer25_合并两个反序链表.swift */; };
		B81620472623F1C9005E621C /* main.swift in Sources */ = {isa = PBXBuildFile; fileRef = B81620462623F1C9005E621C /* main.swift */; };
		B81620572623F23B005E621C /* _206_反转链表.swift in Sources */ = {isa = PBXBuildFile; fileRef = B81620542623F23B005E621C /* _206_反转链表.swift */; };
		B81620592623F23B005E621C /* _237_删除链表的节点(参数只有要删除的节点).swift in Sources */ = {isa = PBXBuildFile; fileRef = B81620562623F23B005E621C /* _237_删除链表的节点(参数只有要删除的节点).swift */; };
		B816205F2623F687005E621C /* LIQeue.swift in Sources */ = {isa = PBXBuildFile; fileRef = B816205E2623F687005E621C /* LIQeue.swift */; };
		B81630382623FE6A005E621C /* LIStack.swift in Sources */ = {isa = PBXBuildFile; fileRef = B81630372623FE6A005E621C /* LIStack.swift */; };
		B816303D26241946005E621C /* _704_二分查找.swift in Sources */ = {isa = PBXBuildFile; fileRef = B816303C26241946005E621C /* _704_二分查找.swift */; };
		B816304126241F4C005E621C /* LILinkList.swift in Sources */ = {isa = PBXBuildFile; fileRef = B816304026241F4C005E621C /* LILinkList.swift */; };
		B84A71E8262D81DA0009AB69 /* _27_移除元素.swift in Sources */ = {isa = PBXBuildFile; fileRef = B84A71E7262D81DA0009AB69 /* _27_移除元素.swift */; };
		B84A71EC262E771A0009AB69 /* LIArray.swift in Sources */ = {isa = PBXBuildFile; fileRef = B84A71EB262E771A0009AB69 /* LIArray.swift */; };
		B84A7241262ED4B00009AB69 /* _283_移动零.swift in Sources */ = {isa = PBXBuildFile; fileRef = B84A7240262ED4B00009AB69 /* _283_移动零.swift */; };
		B84A7244262EF8240009AB69 /* _11_maxArea.swift in Sources */ = {isa = PBXBuildFile; fileRef = B84A7243262EF8240009AB69 /* _11_maxArea.swift */; };
		B86191B82639632500486781 /* Offer_63_maxProfit.swift in Sources */ = {isa = PBXBuildFile; fileRef = B86191B72639632500486781 /* Offer_63_maxProfit.swift */; };
		B861A358263BDFC500486781 /* _144_二叉树的前序遍历.swift in Sources */ = {isa = PBXBuildFile; fileRef = B861A357263BDFC400486781 /* _144_二叉树的前序遍历.swift */; };
		B861A35E263BDFF000486781 /* LITree.swift in Sources */ = {isa = PBXBuildFile; fileRef = B861A35D263BDFF000486781 /* LITree.swift */; };
		B861A361263BEAB500486781 /* _94_二叉树的中序遍历.swift in Sources */ = {isa = PBXBuildFile; fileRef = B861A360263BEAB500486781 /* _94_二叉树的中序遍历.swift */; };
		B861A365263BEF1600486781 /* _145_二叉树的后序遍历.swift in Sources */ = {isa = PBXBuildFile; fileRef = B861A364263BEF1600486781 /* _145_二叉树的后序遍历.swift */; };
		B861A36A263BF74D00486781 /* _Offer24_反转链表.swift in Sources */ = {isa = PBXBuildFile; fileRef = B861A369263BF74D00486781 /* _Offer24_反转链表.swift */; };
		B861A36F263C01A500486781 /* _Offer18_删除链表的节点.swift in Sources */ = {isa = PBXBuildFile; fileRef = B861A36E263C01A500486781 /* _Offer18_删除链表的节点.swift */; };
		B861A378263C2CD400486781 /* _164_最大间距.swift in Sources */ = {isa = PBXBuildFile; fileRef = B861A377263C2CD400486781 /* _164_最大间距.swift */; };
		B861A37C263C2ED900486781 /* _1_两数之和.swift in Sources */ = {isa = PBXBuildFile; fileRef = B861A37B263C2ED900486781 /* _1_两数之和.swift */; };
		B861A381263C39B600486781 /* _7_整数反转.swift in Sources */ = {isa = PBXBuildFile; fileRef = B861A380263C39B600486781 /* _7_整数反转.swift */; };
		B861A385263C405200486781 /* _203_移除链表元素.swift in Sources */ = {isa = PBXBuildFile; fileRef = B861A384263C405200486781 /* _203_移除链表元素.swift */; };
		B861A38B263F838B00486781 /* Offer_39_出现次数超过一半的数字.swift in Sources */ = {isa = PBXBuildFile; fileRef = B861A38A263F838B00486781 /* Offer_39_出现次数超过一半的数字.swift */; };
		B861A38F263FF0C800486781 /* _169_多数元素.swift in Sources */ = {isa = PBXBuildFile; fileRef = B861A38E263FF0C800486781 /* _169_多数元素.swift */; };
		B861A3932640091A00486781 /* _2_两数相加.swift in Sources */ = {isa = PBXBuildFile; fileRef = B861A3922640091A00486781 /* _2_两数相加.swift */; };
		B861A39B26400BA200486781 /* ListNode.swift in Sources */ = {isa = PBXBuildFile; fileRef = B861A39A26400BA200486781 /* ListNode.swift */; };
		B87554412643C45A005D477F /* _121_买卖股票的最佳时机.swift in Sources */ = {isa = PBXBuildFile; fileRef = B87554402643C45A005D477F /* _121_买卖股票的最佳时机.swift */; };
		B87554452643C8D2005D477F /* _15_三数之和.swift in Sources */ = {isa = PBXBuildFile; fileRef = B87554442643C8D2005D477F /* _15_三数之和.swift */; };
		B89B8D7E2626E2B200C4627A /* Offer_58_reverseLeftWords.swift in Sources */ = {isa = PBXBuildFile; fileRef = B89B8D7D2626E2B200C4627A /* Offer_58_reverseLeftWords.swift */; };
		B8BF354226420DD100609E57 /* _141_环形链表.swift in Sources */ = {isa = PBXBuildFile; fileRef = B8BF354126420DD100609E57 /* _141_环形链表.swift */; };
		B8BF35482643586000609E57 /* _20_有效的括号.swift in Sources */ = {isa = PBXBuildFile; fileRef = B8BF35472643586000609E57 /* _20_有效的括号.swift */; };
		B8BF354D26435CCB00609E57 /* _155_最小栈.swift in Sources */ = {isa = PBXBuildFile; fileRef = B8BF354C26435CCB00609E57 /* _155_最小栈.swift */; };
		B8BF35512643633000609E57 /* _654_最大二叉树.swift in Sources */ = {isa = PBXBuildFile; fileRef = B8BF35502643633000609E57 /* _654_最大二叉树.swift */; };
		B8BF3555264366FA00609E57 /* _739_每日温度.swift in Sources */ = {isa = PBXBuildFile; fileRef = B8BF3554264366FA00609E57 /* _739_每日温度.swift */; };
		B8BF355926436CD100609E57 /* _572_另一个树的子树.swift in Sources */ = {isa = PBXBuildFile; fileRef = B8BF355826436CD100609E57 /* _572_另一个树的子树.swift */; };
		B8BF355D2643915100609E57 /* 金典_01.09_字符串轮转.swift in Sources */ = {isa = PBXBuildFile; fileRef = B8BF355C2643915100609E57 /* 金典_01.09_字符串轮转.swift */; };
		B8BF35612643942700609E57 /* _242_有效的字母异位词.swift in Sources */ = {isa = PBXBuildFile; fileRef = B8BF35602643942700609E57 /* _242_有效的字母异位词.swift */; };
		B8BF35652643971A00609E57 /* _151_翻转字符串里的单词.swift in Sources */ = {isa = PBXBuildFile; fileRef = B8BF35642643971A00609E57 /* _151_翻转字符串里的单词.swift */; };
		B8BF356C26439C0A00609E57 /* _3_无重复字符的最长子串.swift in Sources */ = {isa = PBXBuildFile; fileRef = B8BF356B26439C0A00609E57 /* _3_无重复字符的最长子串.swift */; };
		B8BF35722643BDA500609E57 /* Offer_47_礼物最大价值.swift in Sources */ = {isa = PBXBuildFile; fileRef = B8BF35712643BDA500609E57 /* Offer_47_礼物最大价值.swift */; };
		B8C578132630298400F23F36 /* _70_爬楼梯.swift in Sources */ = {isa = PBXBuildFile; fileRef = B8C578122630298400F23F36 /* _70_爬楼梯.swift */; };
		B8C578182631178700F23F36 /* Sort.swift in Sources */ = {isa = PBXBuildFile; fileRef = B8C578172631178700F23F36 /* Sort.swift */; };
		B8C5E75B2632CFCB00F23F36 /* _88_合并2个有序数组.swift in Sources */ = {isa = PBXBuildFile; fileRef = B8C5E75A2632CFCB00F23F36 /* _88_合并2个有序数组.swift */; };
		B8C5E7602632EF7900F23F36 /* _75_颜色分类.swift in Sources */ = {isa = PBXBuildFile; fileRef = B8C5E75F2632EF7900F23F36 /* _75_颜色分类.swift */; };
		B8C5E7642635924100F23F36 /* 金典_6_部分排序.swift in Sources */ = {isa = PBXBuildFile; fileRef = B8C5E7632635924000F23F36 /* 金典_6_部分排序.swift */; };
/* End PBXBuildFile section */

/* Begin PBXCopyFilesBuildPhase section */
		B81620412623F1C9005E621C /* CopyFiles */ = {
			isa = PBXCopyFilesBuildPhase;
			buildActionMask = 2147483647;
			dstPath = /usr/share/man/man1/;
			dstSubfolderSpec = 0;
			files = (
			);
			runOnlyForDeploymentPostprocessing = 1;
		};
/* End PBXCopyFilesBuildPhase section */

/* Begin PBXFileReference section */
		B802E380264018A000AB96FF /* _160_相交链表.swift */ = {isa = PBXFileReference; lastKnownFileType = sourcecode.swift; path = "_160_相交链表.swift"; sourceTree = "<group>"; };
		B802E38A264136D700AB96FF /* _Offer22_链表倒数第k个字节.swift */ = {isa = PBXFileReference; lastKnownFileType = sourcecode.swift; path = "_Offer22_链表倒数第k个字节.swift"; sourceTree = "<group>"; };
		B802E38E2641467600AB96FF /* _234_回文链表.swift */ = {isa = PBXFileReference; lastKnownFileType = sourcecode.swift; path = "_234_回文链表.swift"; sourceTree = "<group>"; };
		B802E393264209B600AB96FF /* _Offer25_合并两个反序链表.swift */ = {isa = PBXFileReference; lastKnownFileType = sourcecode.swift; path = "_Offer25_合并两个反序链表.swift"; sourceTree = "<group>"; };
		B81620432623F1C9005E621C /* Swift_Li */ = {isa = PBXFileReference; explicitFileType = "compiled.mach-o.executable"; includeInIndex = 0; path = Swift_Li; sourceTree = BUILT_PRODUCTS_DIR; };
		B81620462623F1C9005E621C /* main.swift */ = {isa = PBXFileReference; lastKnownFileType = sourcecode.swift; path = main.swift; sourceTree = "<group>"; };
		B81620542623F23B005E621C /* _206_反转链表.swift */ = {isa = PBXFileReference; fileEncoding = 4; lastKnownFileType = sourcecode.swift; path = "_206_反转链表.swift"; sourceTree = "<group>"; };
		B81620562623F23B005E621C /* _237_删除链表的节点(参数只有要删除的节点).swift */ = {isa = PBXFileReference; fileEncoding = 4; lastKnownFileType = sourcecode.swift; path = "_237_删除链表的节点(参数只有要删除的节点).swift"; sourceTree = "<group>"; };
		B816205E2623F687005E621C /* LIQeue.swift */ = {isa = PBXFileReference; lastKnownFileType = sourcecode.swift; path = LIQeue.swift; sourceTree = "<group>"; };
		B81630372623FE6A005E621C /* LIStack.swift */ = {isa = PBXFileReference; lastKnownFileType = sourcecode.swift; path = LIStack.swift; sourceTree = "<group>"; };
		B816303C26241946005E621C /* _704_二分查找.swift */ = {isa = PBXFileReference; lastKnownFileType = sourcecode.swift; path = "_704_二分查找.swift"; sourceTree = "<group>"; };
		B816304026241F4C005E621C /* LILinkList.swift */ = {isa = PBXFileReference; lastKnownFileType = sourcecode.swift; path = LILinkList.swift; sourceTree = "<group>"; };
		B84A71E7262D81DA0009AB69 /* _27_移除元素.swift */ = {isa = PBXFileReference; lastKnownFileType = sourcecode.swift; path = "_27_移除元素.swift"; sourceTree = "<group>"; };
		B84A71EB262E771A0009AB69 /* LIArray.swift */ = {isa = PBXFileReference; lastKnownFileType = sourcecode.swift; path = LIArray.swift; sourceTree = "<group>"; };
		B84A7240262ED4B00009AB69 /* _283_移动零.swift */ = {isa = PBXFileReference; lastKnownFileType = sourcecode.swift; path = "_283_移动零.swift"; sourceTree = "<group>"; };
		B84A7243262EF8240009AB69 /* _11_maxArea.swift */ = {isa = PBXFileReference; lastKnownFileType = sourcecode.swift; path = _11_maxArea.swift; sourceTree = "<group>"; };
		B86191B72639632500486781 /* Offer_63_maxProfit.swift */ = {isa = PBXFileReference; lastKnownFileType = sourcecode.swift; path = Offer_63_maxProfit.swift; sourceTree = "<group>"; };
		B861A357263BDFC400486781 /* _144_二叉树的前序遍历.swift */ = {isa = PBXFileReference; lastKnownFileType = sourcecode.swift; path = "_144_二叉树的前序遍历.swift"; sourceTree = "<group>"; };
		B861A35D263BDFF000486781 /* LITree.swift */ = {isa = PBXFileReference; lastKnownFileType = sourcecode.swift; path = LITree.swift; sourceTree = "<group>"; };
		B861A360263BEAB500486781 /* _94_二叉树的中序遍历.swift */ = {isa = PBXFileReference; lastKnownFileType = sourcecode.swift; path = "_94_二叉树的中序遍历.swift"; sourceTree = "<group>"; };
		B861A364263BEF1600486781 /* _145_二叉树的后序遍历.swift */ = {isa = PBXFileReference; lastKnownFileType = sourcecode.swift; path = "_145_二叉树的后序遍历.swift"; sourceTree = "<group>"; };
		B861A369263BF74D00486781 /* _Offer24_反转链表.swift */ = {isa = PBXFileReference; lastKnownFileType = sourcecode.swift; path = "_Offer24_反转链表.swift"; sourceTree = "<group>"; };
		B861A36E263C01A500486781 /* _Offer18_删除链表的节点.swift */ = {isa = PBXFileReference; lastKnownFileType = sourcecode.swift; path = "_Offer18_删除链表的节点.swift"; sourceTree = "<group>"; };
		B861A377263C2CD400486781 /* _164_最大间距.swift */ = {isa = PBXFileReference; lastKnownFileType = sourcecode.swift; path = "_164_最大间距.swift"; sourceTree = "<group>"; };
		B861A37B263C2ED900486781 /* _1_两数之和.swift */ = {isa = PBXFileReference; lastKnownFileType = sourcecode.swift; path = "_1_两数之和.swift"; sourceTree = "<group>"; };
		B861A380263C39B600486781 /* _7_整数反转.swift */ = {isa = PBXFileReference; lastKnownFileType = sourcecode.swift; path = "_7_整数反转.swift"; sourceTree = "<group>"; };
		B861A384263C405200486781 /* _203_移除链表元素.swift */ = {isa = PBXFileReference; lastKnownFileType = sourcecode.swift; path = "_203_移除链表元素.swift"; sourceTree = "<group>"; };
		B861A38A263F838B00486781 /* Offer_39_出现次数超过一半的数字.swift */ = {isa = PBXFileReference; lastKnownFileType = sourcecode.swift; path = "Offer_39_出现次数超过一半的数字.swift"; sourceTree = "<group>"; };
		B861A38E263FF0C800486781 /* _169_多数元素.swift */ = {isa = PBXFileReference; lastKnownFileType = sourcecode.swift; path = "_169_多数元素.swift"; sourceTree = "<group>"; };
		B861A3922640091A00486781 /* _2_两数相加.swift */ = {isa = PBXFileReference; lastKnownFileType = sourcecode.swift; path = "_2_两数相加.swift"; sourceTree = "<group>"; };
		B861A39A26400BA200486781 /* ListNode.swift */ = {isa = PBXFileReference; lastKnownFileType = sourcecode.swift; path = ListNode.swift; sourceTree = "<group>"; };
		B87554402643C45A005D477F /* _121_买卖股票的最佳时机.swift */ = {isa = PBXFileReference; lastKnownFileType = sourcecode.swift; path = "_121_买卖股票的最佳时机.swift"; sourceTree = "<group>"; };
		B87554442643C8D2005D477F /* _15_三数之和.swift */ = {isa = PBXFileReference; lastKnownFileType = sourcecode.swift; path = "_15_三数之和.swift"; sourceTree = "<group>"; };
		B89B8D7D2626E2B200C4627A /* Offer_58_reverseLeftWords.swift */ = {isa = PBXFileReference; lastKnownFileType = sourcecode.swift; path = Offer_58_reverseLeftWords.swift; sourceTree = "<group>"; };
		B8BF354126420DD100609E57 /* _141_环形链表.swift */ = {isa = PBXFileReference; lastKnownFileType = sourcecode.swift; path = "_141_环形链表.swift"; sourceTree = "<group>"; };
		B8BF35472643586000609E57 /* _20_有效的括号.swift */ = {isa = PBXFileReference; lastKnownFileType = sourcecode.swift; path = "_20_有效的括号.swift"; sourceTree = "<group>"; };
		B8BF354C26435CCB00609E57 /* _155_最小栈.swift */ = {isa = PBXFileReference; lastKnownFileType = sourcecode.swift; path = "_155_最小栈.swift"; sourceTree = "<group>"; };
		B8BF35502643633000609E57 /* _654_最大二叉树.swift */ = {isa = PBXFileReference; lastKnownFileType = sourcecode.swift; path = "_654_最大二叉树.swift"; sourceTree = "<group>"; };
		B8BF3554264366FA00609E57 /* _739_每日温度.swift */ = {isa = PBXFileReference; lastKnownFileType = sourcecode.swift; path = "_739_每日温度.swift"; sourceTree = "<group>"; };
		B8BF355826436CD100609E57 /* _572_另一个树的子树.swift */ = {isa = PBXFileReference; lastKnownFileType = sourcecode.swift; path = "_572_另一个树的子树.swift"; sourceTree = "<group>"; };
		B8BF355C2643915100609E57 /* 金典_01.09_字符串轮转.swift */ = {isa = PBXFileReference; lastKnownFileType = sourcecode.swift; path = "金典_01.09_字符串轮转.swift"; sourceTree = "<group>"; };
		B8BF35602643942700609E57 /* _242_有效的字母异位词.swift */ = {isa = PBXFileReference; lastKnownFileType = sourcecode.swift; path = "_242_有效的字母异位词.swift"; sourceTree = "<group>"; };
		B8BF35642643971A00609E57 /* _151_翻转字符串里的单词.swift */ = {isa = PBXFileReference; lastKnownFileType = sourcecode.swift; path = "_151_翻转字符串里的单词.swift"; sourceTree = "<group>"; };
		B8BF356B26439C0A00609E57 /* _3_无重复字符的最长子串.swift */ = {isa = PBXFileReference; lastKnownFileType = sourcecode.swift; path = "_3_无重复字符的最长子串.swift"; sourceTree = "<group>"; };
		B8BF35712643BDA500609E57 /* Offer_47_礼物最大价值.swift */ = {isa = PBXFileReference; lastKnownFileType = sourcecode.swift; path = "Offer_47_礼物最大价值.swift"; sourceTree = "<group>"; };
		B8C578122630298400F23F36 /* _70_爬楼梯.swift */ = {isa = PBXFileReference; lastKnownFileType = sourcecode.swift; path = "_70_爬楼梯.swift"; sourceTree = "<group>"; };
		B8C578172631178700F23F36 /* Sort.swift */ = {isa = PBXFileReference; lastKnownFileType = sourcecode.swift; path = Sort.swift; sourceTree = "<group>"; };
		B8C5E75A2632CFCB00F23F36 /* _88_合并2个有序数组.swift */ = {isa = PBXFileReference; lastKnownFileType = sourcecode.swift; path = "_88_合并2个有序数组.swift"; sourceTree = "<group>"; };
		B8C5E75F2632EF7900F23F36 /* _75_颜色分类.swift */ = {isa = PBXFileReference; lastKnownFileType = sourcecode.swift; path = "_75_颜色分类.swift"; sourceTree = "<group>"; };
		B8C5E7632635924000F23F36 /* 金典_6_部分排序.swift */ = {isa = PBXFileReference; lastKnownFileType = sourcecode.swift; path = "金典_6_部分排序.swift"; sourceTree = "<group>"; };
/* End PBXFileReference section */

/* Begin PBXFrameworksBuildPhase section */
		B81620402623F1C9005E621C /* Frameworks */ = {
			isa = PBXFrameworksBuildPhase;
			buildActionMask = 2147483647;
			files = (
			);
			runOnlyForDeploymentPostprocessing = 0;
		};
/* End PBXFrameworksBuildPhase section */

/* Begin PBXGroup section */
		B816203A2623F1C9005E621C = {
			isa = PBXGroup;
			children = (
				B81620452623F1C9005E621C /* Swift_Li */,
				B81620442623F1C9005E621C /* Products */,
			);
			sourceTree = "<group>";
		};
		B81620442623F1C9005E621C /* Products */ = {
			isa = PBXGroup;
			children = (
				B81620432623F1C9005E621C /* Swift_Li */,
			);
			name = Products;
			sourceTree = "<group>";
		};
		B81620452623F1C9005E621C /* Swift_Li */ = {
			isa = PBXGroup;
			children = (
				B816204E2623F23B005E621C /* Basic */,
				B81620522623F23B005E621C /* SolveProblems */,
				B81620462623F1C9005E621C /* main.swift */,
			);
			path = Swift_Li;
			sourceTree = "<group>";
		};
		B816204E2623F23B005E621C /* Basic */ = {
			isa = PBXGroup;
			children = (
				B861A35C263BDFE100486781 /* 树 */,
				B8C5803726312A3100F23F36 /* String */,
				B8C57808263028D200F23F36 /* 递归 */,
				B84A71EA262E770C0009AB69 /* Array */,
				B816204F2623F23B005E621C /* LinkList */,
				B81620502623F23B005E621C /* Queue */,
				B81620512623F23B005E621C /* Stack */,
			);
			path = Basic;
			sourceTree = "<group>";
		};
		B816204F2623F23B005E621C /* LinkList */ = {
			isa = PBXGroup;
			children = (
				B861A39A26400BA200486781 /* ListNode.swift */,
				B816304026241F4C005E621C /* LILinkList.swift */,
			);
			path = LinkList;
			sourceTree = "<group>";
		};
		B81620502623F23B005E621C /* Queue */ = {
			isa = PBXGroup;
			children = (
				B816205E2623F687005E621C /* LIQeue.swift */,
			);
			path = Queue;
			sourceTree = "<group>";
		};
		B81620512623F23B005E621C /* Stack */ = {
			isa = PBXGroup;
			children = (
				B81630372623FE6A005E621C /* LIStack.swift */,
			);
			path = Stack;
			sourceTree = "<group>";
		};
		B81620522623F23B005E621C /* SolveProblems */ = {
			isa = PBXGroup;
			children = (
				B8BF35702643BD9500609E57 /* 动态规划 */,
				B8C57809263028E300F23F36 /* 递归 */,
				B8BF35462643584700609E57 /* 栈 */,
				B861A37F263C39A500486781 /* 整数 */,
				B861A356263BB95D00486781 /* 树 */,
				B8C578162631177900F23F36 /* Sort */,
				B89B8D7C2626E1F100C4627A /* String */,
				B816303B26241909005E621C /* Array */,
				B81620532623F23B005E621C /* 链表 */,
			);
			path = SolveProblems;
			sourceTree = "<group>";
		};
		B81620532623F23B005E621C /* 链表 */ = {
			isa = PBXGroup;
			children = (
				B861A3922640091A00486781 /* _2_两数相加.swift */,
				B8BF354126420DD100609E57 /* _141_环形链表.swift */,
				B802E380264018A000AB96FF /* _160_相交链表.swift */,
				B861A384263C405200486781 /* _203_移除链表元素.swift */,
				B81620542623F23B005E621C /* _206_反转链表.swift */,
				B802E38E2641467600AB96FF /* _234_回文链表.swift */,
				B81620562623F23B005E621C /* _237_删除链表的节点(参数只有要删除的节点).swift */,
				B861A36E263C01A500486781 /* _Offer18_删除链表的节点.swift */,
				B802E38A264136D700AB96FF /* _Offer22_链表倒数第k个字节.swift */,
				B861A369263BF74D00486781 /* _Offer24_反转链表.swift */,
				B802E393264209B600AB96FF /* _Offer25_合并两个反序链表.swift */,
			);
			path = "链表";
			sourceTree = "<group>";
		};
		B816303B26241909005E621C /* Array */ = {
			isa = PBXGroup;
			children = (
				B861A37B263C2ED900486781 /* _1_两数之和.swift */,
				B84A7243262EF8240009AB69 /* _11_maxArea.swift */,
				B87554442643C8D2005D477F /* _15_三数之和.swift */,
				B84A71E7262D81DA0009AB69 /* _27_移除元素.swift */,
				B8C5E75F2632EF7900F23F36 /* _75_颜色分类.swift */,
				B8C5E75A2632CFCB00F23F36 /* _88_合并2个有序数组.swift */,
				B861A377263C2CD400486781 /* _164_最大间距.swift */,
				B861A38E263FF0C800486781 /* _169_多数元素.swift */,
				B84A7240262ED4B00009AB69 /* _283_移动零.swift */,
				B816303C26241946005E621C /* _704_二分查找.swift */,
				B8C5E7632635924000F23F36 /* 金典_6_部分排序.swift */,
				B861A38A263F838B00486781 /* Offer_39_出现次数超过一半的数字.swift */,
				B86191B72639632500486781 /* Offer_63_maxProfit.swift */,
			);
			path = Array;
			sourceTree = "<group>";
		};
		B84A71EA262E770C0009AB69 /* Array */ = {
			isa = PBXGroup;
			children = (
				B84A71EB262E771A0009AB69 /* LIArray.swift */,
			);
			path = Array;
			sourceTree = "<group>";
		};
		B861A356263BB95D00486781 /* 树 */ = {
			isa = PBXGroup;
			children = (
				B861A360263BEAB500486781 /* _94_二叉树的中序遍历.swift */,
				B861A357263BDFC400486781 /* _144_二叉树的前序遍历.swift */,
				B861A364263BEF1600486781 /* _145_二叉树的后序遍历.swift */,
				B8BF355826436CD100609E57 /* _572_另一个树的子树.swift */,
				B8BF35502643633000609E57 /* _654_最大二叉树.swift */,
			);
			path = "树";
			sourceTree = "<group>";
		};
		B861A35C263BDFE100486781 /* 树 */ = {
			isa = PBXGroup;
			children = (
				B861A35D263BDFF000486781 /* LITree.swift */,
			);
			path = "树";
			sourceTree = "<group>";
		};
		B861A37F263C39A500486781 /* 整数 */ = {
			isa = PBXGroup;
			children = (
				B861A380263C39B600486781 /* _7_整数反转.swift */,
			);
			path = "整数";
			sourceTree = "<group>";
		};
		B89B8D7C2626E1F100C4627A /* String */ = {
			isa = PBXGroup;
			children = (
				B8BF356B26439C0A00609E57 /* _3_无重复字符的最长子串.swift */,
				B8BF35642643971A00609E57 /* _151_翻转字符串里的单词.swift */,
				B8BF35602643942700609E57 /* _242_有效的字母异位词.swift */,
				B8BF355C2643915100609E57 /* 金典_01.09_字符串轮转.swift */,
				B89B8D7D2626E2B200C4627A /* Offer_58_reverseLeftWords.swift */,
			);
			path = String;
			sourceTree = "<group>";
		};
		B8BF35462643584700609E57 /* 栈 */ = {
			isa = PBXGroup;
			children = (
				B8BF35472643586000609E57 /* _20_有效的括号.swift */,
				B8BF354C26435CCB00609E57 /* _155_最小栈.swift */,
				B8BF3554264366FA00609E57 /* _739_每日温度.swift */,
			);
			path = "栈";
			sourceTree = "<group>";
		};
		B8BF35702643BD9500609E57 /* 动态规划 */ = {
			isa = PBXGroup;
			children = (
				B8BF35712643BDA500609E57 /* Offer_47_礼物最大价值.swift */,
				B87554402643C45A005D477F /* _121_买卖股票的最佳时机.swift */,
			);
			path = "动态规划";
			sourceTree = "<group>";
		};
		B8C57808263028D200F23F36 /* 递归 */ = {
			isa = PBXGroup;
			children = (
			);
			path = "递归";
			sourceTree = "<group>";
		};
		B8C57809263028E300F23F36 /* 递归 */ = {
			isa = PBXGroup;
			children = (
				B8C578122630298400F23F36 /* _70_爬楼梯.swift */,
			);
			path = "递归";
			sourceTree = "<group>";
		};
		B8C578162631177900F23F36 /* Sort */ = {
			isa = PBXGroup;
			children = (
				B8C578172631178700F23F36 /* Sort.swift */,
			);
			path = Sort;
			sourceTree = "<group>";
		};
		B8C5803726312A3100F23F36 /* String */ = {
			isa = PBXGroup;
			children = (
			);
			path = String;
			sourceTree = "<group>";
		};
/* End PBXGroup section */

/* Begin PBXNativeTarget section */
		B81620422623F1C9005E621C /* Swift_Li */ = {
			isa = PBXNativeTarget;
			buildConfigurationList = B816204A2623F1C9005E621C /* Build configuration list for PBXNativeTarget "Swift_Li" */;
			buildPhases = (
				B816203F2623F1C9005E621C /* Sources */,
				B81620402623F1C9005E621C /* Frameworks */,
				B81620412623F1C9005E621C /* CopyFiles */,
			);
			buildRules = (
			);
			dependencies = (
			);
			name = Swift_Li;
			productName = Swift_Li;
			productReference = B81620432623F1C9005E621C /* Swift_Li */;
			productType = "com.apple.product-type.tool";
		};
/* End PBXNativeTarget section */

/* Begin PBXProject section */
		B816203B2623F1C9005E621C /* Project object */ = {
			isa = PBXProject;
			attributes = {
				LastSwiftUpdateCheck = 1240;
				LastUpgradeCheck = 1240;
				TargetAttributes = {
					B81620422623F1C9005E621C = {
						CreatedOnToolsVersion = 12.4;
					};
				};
			};
			buildConfigurationList = B816203E2623F1C9005E621C /* Build configuration list for PBXProject "Swift_Li" */;
			compatibilityVersion = "Xcode 9.3";
			developmentRegion = en;
			hasScannedForEncodings = 0;
			knownRegions = (
				en,
				Base,
			);
			mainGroup = B816203A2623F1C9005E621C;
			productRefGroup = B81620442623F1C9005E621C /* Products */;
			projectDirPath = "";
			projectRoot = "";
			targets = (
				B81620422623F1C9005E621C /* Swift_Li */,
			);
		};
/* End PBXProject section */

/* Begin PBXSourcesBuildPhase section */
		B816203F2623F1C9005E621C /* Sources */ = {
			isa = PBXSourcesBuildPhase;
			buildActionMask = 2147483647;
			files = (
				B8BF355D2643915100609E57 /* 金典_01.09_字符串轮转.swift in Sources */,
				B861A36F263C01A500486781 /* _Offer18_删除链表的节点.swift in Sources */,
				B861A385263C405200486781 /* _203_移除链表元素.swift in Sources */,
				B84A7241262ED4B00009AB69 /* _283_移动零.swift in Sources */,
				B8BF35512643633000609E57 /* _654_最大二叉树.swift in Sources */,
				B8BF3555264366FA00609E57 /* _739_每日温度.swift in Sources */,
				B8BF35482643586000609E57 /* _20_有效的括号.swift in Sources */,
				B81620472623F1C9005E621C /* main.swift in Sources */,
				B861A38F263FF0C800486781 /* _169_多数元素.swift in Sources */,
				B81620572623F23B005E621C /* _206_反转链表.swift in Sources */,
				B8C5E7602632EF7900F23F36 /* _75_颜色分类.swift in Sources */,
				B8BF35722643BDA500609E57 /* Offer_47_礼物最大价值.swift in Sources */,
				B861A378263C2CD400486781 /* _164_最大间距.swift in Sources */,
				B87554452643C8D2005D477F /* _15_三数之和.swift in Sources */,
				B861A361263BEAB500486781 /* _94_二叉树的中序遍历.swift in Sources */,
				B86191B82639632500486781 /* Offer_63_maxProfit.swift in Sources */,
				B84A7244262EF8240009AB69 /* _11_maxArea.swift in Sources */,
				B8C5E7642635924100F23F36 /* 金典_6_部分排序.swift in Sources */,
				B816304126241F4C005E621C /* LILinkList.swift in Sources */,
				B861A37C263C2ED900486781 /* _1_两数之和.swift in Sources */,
				B802E394264209B600AB96FF /* _Offer25_合并两个反序链表.swift in Sources */,
				B81630382623FE6A005E621C /* LIStack.swift in Sources */,
				B8BF35652643971A00609E57 /* _151_翻转字符串里的单词.swift in Sources */,
				B89B8D7E2626E2B200C4627A /* Offer_58_reverseLeftWords.swift in Sources */,
				B8C5E75B2632CFCB00F23F36 /* _88_合并2个有序数组.swift in Sources */,
				B8C578182631178700F23F36 /* Sort.swift in Sources */,
				B8C578132630298400F23F36 /* _70_爬楼梯.swift in Sources */,
				B861A3932640091A00486781 /* _2_两数相加.swift in Sources */,
				B861A35E263BDFF000486781 /* LITree.swift in Sources */,
				B8BF354D26435CCB00609E57 /* _155_最小栈.swift in Sources */,
				B802E381264018A000AB96FF /* _160_相交链表.swift in Sources */,
				B861A36A263BF74D00486781 /* _Offer24_反转链表.swift in Sources */,
				B816303D26241946005E621C /* _704_二分查找.swift in Sources */,
				B861A381263C39B600486781 /* _7_整数反转.swift in Sources */,
				B861A365263BEF1600486781 /* _145_二叉树的后序遍历.swift in Sources */,
				B8BF35612643942700609E57 /* _242_有效的字母异位词.swift in Sources */,
				B84A71E8262D81DA0009AB69 /* _27_移除元素.swift in Sources */,
				B8BF354226420DD100609E57 /* _141_环形链表.swift in Sources */,
				B816205F2623F687005E621C /* LIQeue.swift in Sources */,
				B8BF355926436CD100609E57 /* _572_另一个树的子树.swift in Sources */,
				B861A358263BDFC500486781 /* _144_二叉树的前序遍历.swift in Sources */,
				B87554412643C45A005D477F /* _121_买卖股票的最佳时机.swift in Sources */,
				B84A71EC262E771A0009AB69 /* LIArray.swift in Sources */,
				B802E38B264136D700AB96FF /* _Offer22_链表倒数第k个字节.swift in Sources */,
				B861A38B263F838B00486781 /* Offer_39_出现次数超过一半的数字.swift in Sources */,
				B81620592623F23B005E621C /* _237_删除链表的节点(参数只有要删除的节点).swift in Sources */,
				B8BF356C26439C0A00609E57 /* _3_无重复字符的最长子串.swift in Sources */,
				B861A39B26400BA200486781 /* ListNode.swift in Sources */,
				B802E38F2641467600AB96FF /* _234_回文链表.swift in Sources */,
			);
			runOnlyForDeploymentPostprocessing = 0;
		};
/* End PBXSourcesBuildPhase section */

/* Begin XCBuildConfiguration section */
		B81620482623F1C9005E621C /* Debug */ = {
			isa = XCBuildConfiguration;
			buildSettings = {
				ALWAYS_SEARCH_USER_PATHS = NO;
				CLANG_ANALYZER_NONNULL = YES;
				CLANG_ANALYZER_NUMBER_OBJECT_CONVERSION = YES_AGGRESSIVE;
				CLANG_CXX_LANGUAGE_STANDARD = "gnu++14";
				CLANG_CXX_LIBRARY = "libc++";
				CLANG_ENABLE_MODULES = YES;
				CLANG_ENABLE_OBJC_ARC = YES;
				CLANG_ENABLE_OBJC_WEAK = YES;
				CLANG_WARN_BLOCK_CAPTURE_AUTORELEASING = YES;
				CLANG_WARN_BOOL_CONVERSION = YES;
				CLANG_WARN_COMMA = YES;
				CLANG_WARN_CONSTANT_CONVERSION = YES;
				CLANG_WARN_DEPRECATED_OBJC_IMPLEMENTATIONS = YES;
				CLANG_WARN_DIRECT_OBJC_ISA_USAGE = YES_ERROR;
				CLANG_WARN_DOCUMENTATION_COMMENTS = YES;
				CLANG_WARN_EMPTY_BODY = YES;
				CLANG_WARN_ENUM_CONVERSION = YES;
				CLANG_WARN_INFINITE_RECURSION = YES;
				CLANG_WARN_INT_CONVERSION = YES;
				CLANG_WARN_NON_LITERAL_NULL_CONVERSION = YES;
				CLANG_WARN_OBJC_IMPLICIT_RETAIN_SELF = YES;
				CLANG_WARN_OBJC_LITERAL_CONVERSION = YES;
				CLANG_WARN_OBJC_ROOT_CLASS = YES_ERROR;
				CLANG_WARN_QUOTED_INCLUDE_IN_FRAMEWORK_HEADER = YES;
				CLANG_WARN_RANGE_LOOP_ANALYSIS = YES;
				CLANG_WARN_STRICT_PROTOTYPES = YES;
				CLANG_WARN_SUSPICIOUS_MOVE = YES;
				CLANG_WARN_UNGUARDED_AVAILABILITY = YES_AGGRESSIVE;
				CLANG_WARN_UNREACHABLE_CODE = YES;
				CLANG_WARN__DUPLICATE_METHOD_MATCH = YES;
				COPY_PHASE_STRIP = NO;
				DEBUG_INFORMATION_FORMAT = dwarf;
				ENABLE_STRICT_OBJC_MSGSEND = YES;
				ENABLE_TESTABILITY = YES;
				GCC_C_LANGUAGE_STANDARD = gnu11;
				GCC_DYNAMIC_NO_PIC = NO;
				GCC_NO_COMMON_BLOCKS = YES;
				GCC_OPTIMIZATION_LEVEL = 0;
				GCC_PREPROCESSOR_DEFINITIONS = (
					"DEBUG=1",
					"$(inherited)",
				);
				GCC_WARN_64_TO_32_BIT_CONVERSION = YES;
				GCC_WARN_ABOUT_RETURN_TYPE = YES_ERROR;
				GCC_WARN_UNDECLARED_SELECTOR = YES;
				GCC_WARN_UNINITIALIZED_AUTOS = YES_AGGRESSIVE;
				GCC_WARN_UNUSED_FUNCTION = YES;
				GCC_WARN_UNUSED_VARIABLE = YES;
				MACOSX_DEPLOYMENT_TARGET = 10.15;
				MTL_ENABLE_DEBUG_INFO = INCLUDE_SOURCE;
				MTL_FAST_MATH = YES;
				ONLY_ACTIVE_ARCH = YES;
				SDKROOT = macosx;
				SWIFT_ACTIVE_COMPILATION_CONDITIONS = DEBUG;
				SWIFT_OPTIMIZATION_LEVEL = "-Onone";
			};
			name = Debug;
		};
		B81620492623F1C9005E621C /* Release */ = {
			isa = XCBuildConfiguration;
			buildSettings = {
				ALWAYS_SEARCH_USER_PATHS = NO;
				CLANG_ANALYZER_NONNULL = YES;
				CLANG_ANALYZER_NUMBER_OBJECT_CONVERSION = YES_AGGRESSIVE;
				CLANG_CXX_LANGUAGE_STANDARD = "gnu++14";
				CLANG_CXX_LIBRARY = "libc++";
				CLANG_ENABLE_MODULES = YES;
				CLANG_ENABLE_OBJC_ARC = YES;
				CLANG_ENABLE_OBJC_WEAK = YES;
				CLANG_WARN_BLOCK_CAPTURE_AUTORELEASING = YES;
				CLANG_WARN_BOOL_CONVERSION = YES;
				CLANG_WARN_COMMA = YES;
				CLANG_WARN_CONSTANT_CONVERSION = YES;
				CLANG_WARN_DEPRECATED_OBJC_IMPLEMENTATIONS = YES;
				CLANG_WARN_DIRECT_OBJC_ISA_USAGE = YES_ERROR;
				CLANG_WARN_DOCUMENTATION_COMMENTS = YES;
				CLANG_WARN_EMPTY_BODY = YES;
				CLANG_WARN_ENUM_CONVERSION = YES;
				CLANG_WARN_INFINITE_RECURSION = YES;
				CLANG_WARN_INT_CONVERSION = YES;
				CLANG_WARN_NON_LITERAL_NULL_CONVERSION = YES;
				CLANG_WARN_OBJC_IMPLICIT_RETAIN_SELF = YES;
				CLANG_WARN_OBJC_LITERAL_CONVERSION = YES;
				CLANG_WARN_OBJC_ROOT_CLASS = YES_ERROR;
				CLANG_WARN_QUOTED_INCLUDE_IN_FRAMEWORK_HEADER = YES;
				CLANG_WARN_RANGE_LOOP_ANALYSIS = YES;
				CLANG_WARN_STRICT_PROTOTYPES = YES;
				CLANG_WARN_SUSPICIOUS_MOVE = YES;
				CLANG_WARN_UNGUARDED_AVAILABILITY = YES_AGGRESSIVE;
				CLANG_WARN_UNREACHABLE_CODE = YES;
				CLANG_WARN__DUPLICATE_METHOD_MATCH = YES;
				COPY_PHASE_STRIP = NO;
				DEBUG_INFORMATION_FORMAT = "dwarf-with-dsym";
				ENABLE_NS_ASSERTIONS = NO;
				ENABLE_STRICT_OBJC_MSGSEND = YES;
				GCC_C_LANGUAGE_STANDARD = gnu11;
				GCC_NO_COMMON_BLOCKS = YES;
				GCC_WARN_64_TO_32_BIT_CONVERSION = YES;
				GCC_WARN_ABOUT_RETURN_TYPE = YES_ERROR;
				GCC_WARN_UNDECLARED_SELECTOR = YES;
				GCC_WARN_UNINITIALIZED_AUTOS = YES_AGGRESSIVE;
				GCC_WARN_UNUSED_FUNCTION = YES;
				GCC_WARN_UNUSED_VARIABLE = YES;
				MACOSX_DEPLOYMENT_TARGET = 10.15;
				MTL_ENABLE_DEBUG_INFO = NO;
				MTL_FAST_MATH = YES;
				SDKROOT = macosx;
				SWIFT_COMPILATION_MODE = wholemodule;
				SWIFT_OPTIMIZATION_LEVEL = "-O";
			};
			name = Release;
		};
		B816204B2623F1C9005E621C /* Debug */ = {
			isa = XCBuildConfiguration;
			buildSettings = {
				CODE_SIGN_STYLE = Automatic;
				PRODUCT_NAME = "$(TARGET_NAME)";
				SWIFT_VERSION = 5.0;
			};
			name = Debug;
		};
		B816204C2623F1C9005E621C /* Release */ = {
			isa = XCBuildConfiguration;
			buildSettings = {
				CODE_SIGN_STYLE = Automatic;
				PRODUCT_NAME = "$(TARGET_NAME)";
				SWIFT_VERSION = 5.0;
			};
			name = Release;
		};
/* End XCBuildConfiguration section */

/* Begin XCConfigurationList section */
		B816203E2623F1C9005E621C /* Build configuration list for PBXProject "Swift_Li" */ = {
			isa = XCConfigurationList;
			buildConfigurations = (
				B81620482623F1C9005E621C /* Debug */,
				B81620492623F1C9005E621C /* Release */,
			);
			defaultConfigurationIsVisible = 0;
			defaultConfigurationName = Release;
		};
		B816204A2623F1C9005E621C /* Build configuration list for PBXNativeTarget "Swift_Li" */ = {
			isa = XCConfigurationList;
			buildConfigurations = (
				B816204B2623F1C9005E621C /* Debug */,
				B816204C2623F1C9005E621C /* Release */,
			);
			defaultConfigurationIsVisible = 0;
			defaultConfigurationName = Release;
		};
/* End XCConfigurationList section */
	};
	rootObject = B816203B2623F1C9005E621C /* Project object */;
}
